// !$*UTF8*$!
{
	archiveVersion = 1;
	classes = {
	};
	objectVersion = 50;
	objects = {

/* Begin PBXBuildFile section */
		E106DAC42597963A0004317C /* TextField.swift in Sources */ = {isa = PBXBuildFile; fileRef = E106DAC32597963A0004317C /* TextField.swift */; };
		E106DACB2597A65F0004317C /* ConfigurationModel.swift in Sources */ = {isa = PBXBuildFile; fileRef = E106DACA2597A65F0004317C /* ConfigurationModel.swift */; };
		E106DAD62597D2310004317C /* KeychainWrapper.swift in Sources */ = {isa = PBXBuildFile; fileRef = E106DAD42597D2310004317C /* KeychainWrapper.swift */; };
		E106DAD72597D2310004317C /* KeychainItemAccessibility.swift in Sources */ = {isa = PBXBuildFile; fileRef = E106DAD52597D2310004317C /* KeychainItemAccessibility.swift */; };
		E12833A52595AF88009976FB /* AppDelegate.swift in Sources */ = {isa = PBXBuildFile; fileRef = E12833A42595AF88009976FB /* AppDelegate.swift */; };
		E12833A72595AF88009976FB /* SceneDelegate.swift in Sources */ = {isa = PBXBuildFile; fileRef = E12833A62595AF88009976FB /* SceneDelegate.swift */; };
		E12833AC2595AF88009976FB /* Main.storyboard in Resources */ = {isa = PBXBuildFile; fileRef = E12833AA2595AF88009976FB /* Main.storyboard */; };
		E12833AE2595AF89009976FB /* Assets.xcassets in Resources */ = {isa = PBXBuildFile; fileRef = E12833AD2595AF89009976FB /* Assets.xcassets */; };
		E12833B12595AF89009976FB /* LaunchScreen.storyboard in Resources */ = {isa = PBXBuildFile; fileRef = E12833AF2595AF89009976FB /* LaunchScreen.storyboard */; };
		E1337C0A2598E86A0003AF16 /* stockdataTests.swift in Sources */ = {isa = PBXBuildFile; fileRef = E1337C092598E86A0003AF16 /* stockdataTests.swift */; };
		E17704FB25999FB300C7F595 /* DailyAdjustedModelTests.swift in Sources */ = {isa = PBXBuildFile; fileRef = E17704FA25999FB300C7F595 /* DailyAdjustedModelTests.swift */; };
		E1809ABE259728CD00A5C44E /* ConfigurationViewController.swift in Sources */ = {isa = PBXBuildFile; fileRef = E1809ABD259728CD00A5C44E /* ConfigurationViewController.swift */; };
		E1809AC82597441F00A5C44E /* PickerViewTableViewCell.swift in Sources */ = {isa = PBXBuildFile; fileRef = E1809AC62597441F00A5C44E /* PickerViewTableViewCell.swift */; };
		E1809AC92597441F00A5C44E /* PickerViewTableViewCell.xib in Resources */ = {isa = PBXBuildFile; fileRef = E1809AC72597441F00A5C44E /* PickerViewTableViewCell.xib */; };
		E1809ACC2597617500A5C44E /* EditAPIKeyViewController.swift in Sources */ = {isa = PBXBuildFile; fileRef = E1809ACB2597617500A5C44E /* EditAPIKeyViewController.swift */; };
		E19DA01C2598B02000AF362F /* HomeViewController.swift in Sources */ = {isa = PBXBuildFile; fileRef = E19DA01B2598B02000AF362F /* HomeViewController.swift */; };
		E1C9C39C2595CADC0074E490 /* IntradayViewController.swift in Sources */ = {isa = PBXBuildFile; fileRef = E1C9C39B2595CADC0074E490 /* IntradayViewController.swift */; };
		E1C9C3A52595CE6E0074E490 /* IntradayTableViewCell.swift in Sources */ = {isa = PBXBuildFile; fileRef = E1C9C3A32595CE6E0074E490 /* IntradayTableViewCell.swift */; };
		E1C9C3A62595CE6E0074E490 /* IntradayTableViewCell.xib in Resources */ = {isa = PBXBuildFile; fileRef = E1C9C3A42595CE6E0074E490 /* IntradayTableViewCell.xib */; };
		E1C9C3AB2595D36C0074E490 /* View.swift in Sources */ = {isa = PBXBuildFile; fileRef = E1C9C3AA2595D36C0074E490 /* View.swift */; };
		E1C9C3AF2595D48A0074E490 /* Constant.swift in Sources */ = {isa = PBXBuildFile; fileRef = E1C9C3AE2595D48A0074E490 /* Constant.swift */; };
		E1C9C3BE2595EFC10074E490 /* IntradayData.swift in Sources */ = {isa = PBXBuildFile; fileRef = E1C9C3BD2595EFC10074E490 /* IntradayData.swift */; };
		E1C9C3C12595F1010074E490 /* IntradayModel.swift in Sources */ = {isa = PBXBuildFile; fileRef = E1C9C3C02595F1010074E490 /* IntradayModel.swift */; };
		E1C9C3C6259604C50074E490 /* ViewController.swift in Sources */ = {isa = PBXBuildFile; fileRef = E1C9C3C5259604C50074E490 /* ViewController.swift */; };
		E1C9C3CC259628210074E490 /* Enum.swift in Sources */ = {isa = PBXBuildFile; fileRef = E1C9C3CB259628210074E490 /* Enum.swift */; };
		E1C9C3CF25962BE10074E490 /* Alert.swift in Sources */ = {isa = PBXBuildFile; fileRef = E1C9C3CE25962BE10074E490 /* Alert.swift */; };
		E1C9C3D225963B560074E490 /* DailyAdjustedViewController.swift in Sources */ = {isa = PBXBuildFile; fileRef = E1C9C3D125963B560074E490 /* DailyAdjustedViewController.swift */; };
		E1C9C3D725963FF70074E490 /* SymbolCollectionViewCell.swift in Sources */ = {isa = PBXBuildFile; fileRef = E1C9C3D525963FF70074E490 /* SymbolCollectionViewCell.swift */; };
		E1C9C3D825963FF70074E490 /* SymbolCollectionViewCell.xib in Resources */ = {isa = PBXBuildFile; fileRef = E1C9C3D625963FF70074E490 /* SymbolCollectionViewCell.xib */; };
		E1C9C3DD25964A7B0074E490 /* ComparisonTableViewCell.swift in Sources */ = {isa = PBXBuildFile; fileRef = E1C9C3DB25964A7B0074E490 /* ComparisonTableViewCell.swift */; };
		E1C9C3DE25964A7B0074E490 /* ComparisonTableViewCell.xib in Resources */ = {isa = PBXBuildFile; fileRef = E1C9C3DC25964A7B0074E490 /* ComparisonTableViewCell.xib */; };
		E1C9C3E125964E380074E490 /* ComparisonItemTableViewCell.xib in Resources */ = {isa = PBXBuildFile; fileRef = E1C9C3E025964E380074E490 /* ComparisonItemTableViewCell.xib */; };
		E1C9C3E6259663390074E490 /* DailyAdjustedData.swift in Sources */ = {isa = PBXBuildFile; fileRef = E1C9C3E5259663390074E490 /* DailyAdjustedData.swift */; };
		E1C9C3E9259666710074E490 /* DailyAdjustedModel.swift in Sources */ = {isa = PBXBuildFile; fileRef = E1C9C3E8259666710074E490 /* DailyAdjustedModel.swift */; };
		E1CE83BF2599037A0091D716 /* IntradayModelTests.swift in Sources */ = {isa = PBXBuildFile; fileRef = E1CE83BE2599037A0091D716 /* IntradayModelTests.swift */; };
/* End PBXBuildFile section */

/* Begin PBXContainerItemProxy section */
		E1337C0C2598E86A0003AF16 /* PBXContainerItemProxy */ = {
			isa = PBXContainerItemProxy;
			containerPortal = E12833992595AF88009976FB /* Project object */;
			proxyType = 1;
			remoteGlobalIDString = E12833A02595AF88009976FB;
			remoteInfo = stockdata;
		};
/* End PBXContainerItemProxy section */

/* Begin PBXFileReference section */
		E106DAC32597963A0004317C /* TextField.swift */ = {isa = PBXFileReference; lastKnownFileType = sourcecode.swift; path = TextField.swift; sourceTree = "<group>"; };
		E106DACA2597A65F0004317C /* ConfigurationModel.swift */ = {isa = PBXFileReference; lastKnownFileType = sourcecode.swift; path = ConfigurationModel.swift; sourceTree = "<group>"; };
		E106DAD42597D2310004317C /* KeychainWrapper.swift */ = {isa = PBXFileReference; fileEncoding = 4; lastKnownFileType = sourcecode.swift; path = KeychainWrapper.swift; sourceTree = "<group>"; };
		E106DAD52597D2310004317C /* KeychainItemAccessibility.swift */ = {isa = PBXFileReference; fileEncoding = 4; lastKnownFileType = sourcecode.swift; path = KeychainItemAccessibility.swift; sourceTree = "<group>"; };
		E12833A12595AF88009976FB /* stockdata.app */ = {isa = PBXFileReference; explicitFileType = wrapper.application; includeInIndex = 0; path = stockdata.app; sourceTree = BUILT_PRODUCTS_DIR; };
		E12833A42595AF88009976FB /* AppDelegate.swift */ = {isa = PBXFileReference; lastKnownFileType = sourcecode.swift; path = AppDelegate.swift; sourceTree = "<group>"; };
		E12833A62595AF88009976FB /* SceneDelegate.swift */ = {isa = PBXFileReference; lastKnownFileType = sourcecode.swift; path = SceneDelegate.swift; sourceTree = "<group>"; };
		E12833AB2595AF88009976FB /* Base */ = {isa = PBXFileReference; lastKnownFileType = file.storyboard; name = Base; path = Base.lproj/Main.storyboard; sourceTree = "<group>"; };
		E12833AD2595AF89009976FB /* Assets.xcassets */ = {isa = PBXFileReference; lastKnownFileType = folder.assetcatalog; path = Assets.xcassets; sourceTree = "<group>"; };
		E12833B02595AF89009976FB /* Base */ = {isa = PBXFileReference; lastKnownFileType = file.storyboard; name = Base; path = Base.lproj/LaunchScreen.storyboard; sourceTree = "<group>"; };
		E12833B22595AF89009976FB /* Info.plist */ = {isa = PBXFileReference; lastKnownFileType = text.plist.xml; path = Info.plist; sourceTree = "<group>"; };
		E1337C072598E86A0003AF16 /* stockdataTests.xctest */ = {isa = PBXFileReference; explicitFileType = wrapper.cfbundle; includeInIndex = 0; path = stockdataTests.xctest; sourceTree = BUILT_PRODUCTS_DIR; };
		E1337C092598E86A0003AF16 /* stockdataTests.swift */ = {isa = PBXFileReference; lastKnownFileType = sourcecode.swift; path = stockdataTests.swift; sourceTree = "<group>"; };
		E1337C0B2598E86A0003AF16 /* Info.plist */ = {isa = PBXFileReference; lastKnownFileType = text.plist.xml; path = Info.plist; sourceTree = "<group>"; };
		E17704FA25999FB300C7F595 /* DailyAdjustedModelTests.swift */ = {isa = PBXFileReference; lastKnownFileType = sourcecode.swift; path = DailyAdjustedModelTests.swift; sourceTree = "<group>"; };
		E1809ABD259728CD00A5C44E /* ConfigurationViewController.swift */ = {isa = PBXFileReference; lastKnownFileType = sourcecode.swift; path = ConfigurationViewController.swift; sourceTree = "<group>"; };
		E1809AC62597441F00A5C44E /* PickerViewTableViewCell.swift */ = {isa = PBXFileReference; lastKnownFileType = sourcecode.swift; path = PickerViewTableViewCell.swift; sourceTree = "<group>"; };
		E1809AC72597441F00A5C44E /* PickerViewTableViewCell.xib */ = {isa = PBXFileReference; lastKnownFileType = file.xib; path = PickerViewTableViewCell.xib; sourceTree = "<group>"; };
		E1809ACB2597617500A5C44E /* EditAPIKeyViewController.swift */ = {isa = PBXFileReference; lastKnownFileType = sourcecode.swift; path = EditAPIKeyViewController.swift; sourceTree = "<group>"; };
		E19DA01B2598B02000AF362F /* HomeViewController.swift */ = {isa = PBXFileReference; lastKnownFileType = sourcecode.swift; path = HomeViewController.swift; sourceTree = "<group>"; };
		E1C9C39B2595CADC0074E490 /* IntradayViewController.swift */ = {isa = PBXFileReference; lastKnownFileType = sourcecode.swift; path = IntradayViewController.swift; sourceTree = "<group>"; };
		E1C9C3A32595CE6E0074E490 /* IntradayTableViewCell.swift */ = {isa = PBXFileReference; lastKnownFileType = sourcecode.swift; path = IntradayTableViewCell.swift; sourceTree = "<group>"; };
		E1C9C3A42595CE6E0074E490 /* IntradayTableViewCell.xib */ = {isa = PBXFileReference; lastKnownFileType = file.xib; path = IntradayTableViewCell.xib; sourceTree = "<group>"; };
		E1C9C3AA2595D36C0074E490 /* View.swift */ = {isa = PBXFileReference; lastKnownFileType = sourcecode.swift; path = View.swift; sourceTree = "<group>"; };
		E1C9C3AE2595D48A0074E490 /* Constant.swift */ = {isa = PBXFileReference; lastKnownFileType = sourcecode.swift; path = Constant.swift; sourceTree = "<group>"; };
		E1C9C3BD2595EFC10074E490 /* IntradayData.swift */ = {isa = PBXFileReference; lastKnownFileType = sourcecode.swift; path = IntradayData.swift; sourceTree = "<group>"; };
		E1C9C3C02595F1010074E490 /* IntradayModel.swift */ = {isa = PBXFileReference; lastKnownFileType = sourcecode.swift; path = IntradayModel.swift; sourceTree = "<group>"; };
		E1C9C3C5259604C50074E490 /* ViewController.swift */ = {isa = PBXFileReference; lastKnownFileType = sourcecode.swift; path = ViewController.swift; sourceTree = "<group>"; };
		E1C9C3CB259628210074E490 /* Enum.swift */ = {isa = PBXFileReference; lastKnownFileType = sourcecode.swift; path = Enum.swift; sourceTree = "<group>"; };
		E1C9C3CE25962BE10074E490 /* Alert.swift */ = {isa = PBXFileReference; lastKnownFileType = sourcecode.swift; path = Alert.swift; sourceTree = "<group>"; };
		E1C9C3D125963B560074E490 /* DailyAdjustedViewController.swift */ = {isa = PBXFileReference; lastKnownFileType = sourcecode.swift; path = DailyAdjustedViewController.swift; sourceTree = "<group>"; };
		E1C9C3D525963FF70074E490 /* SymbolCollectionViewCell.swift */ = {isa = PBXFileReference; lastKnownFileType = sourcecode.swift; path = SymbolCollectionViewCell.swift; sourceTree = "<group>"; };
		E1C9C3D625963FF70074E490 /* SymbolCollectionViewCell.xib */ = {isa = PBXFileReference; lastKnownFileType = file.xib; path = SymbolCollectionViewCell.xib; sourceTree = "<group>"; };
		E1C9C3DB25964A7B0074E490 /* ComparisonTableViewCell.swift */ = {isa = PBXFileReference; lastKnownFileType = sourcecode.swift; path = ComparisonTableViewCell.swift; sourceTree = "<group>"; };
		E1C9C3DC25964A7B0074E490 /* ComparisonTableViewCell.xib */ = {isa = PBXFileReference; lastKnownFileType = file.xib; path = ComparisonTableViewCell.xib; sourceTree = "<group>"; };
		E1C9C3E025964E380074E490 /* ComparisonItemTableViewCell.xib */ = {isa = PBXFileReference; lastKnownFileType = file.xib; path = ComparisonItemTableViewCell.xib; sourceTree = "<group>"; };
		E1C9C3E5259663390074E490 /* DailyAdjustedData.swift */ = {isa = PBXFileReference; lastKnownFileType = sourcecode.swift; path = DailyAdjustedData.swift; sourceTree = "<group>"; };
		E1C9C3E8259666710074E490 /* DailyAdjustedModel.swift */ = {isa = PBXFileReference; lastKnownFileType = sourcecode.swift; path = DailyAdjustedModel.swift; sourceTree = "<group>"; };
		E1CE83BE2599037A0091D716 /* IntradayModelTests.swift */ = {isa = PBXFileReference; lastKnownFileType = sourcecode.swift; path = IntradayModelTests.swift; sourceTree = "<group>"; };
/* End PBXFileReference section */

/* Begin PBXFrameworksBuildPhase section */
		E128339E2595AF88009976FB /* Frameworks */ = {
			isa = PBXFrameworksBuildPhase;
			buildActionMask = 2147483647;
			files = (
			);
			runOnlyForDeploymentPostprocessing = 0;
		};
		E1337C042598E86A0003AF16 /* Frameworks */ = {
			isa = PBXFrameworksBuildPhase;
			buildActionMask = 2147483647;
			files = (
			);
			runOnlyForDeploymentPostprocessing = 0;
		};
/* End PBXFrameworksBuildPhase section */

/* Begin PBXGroup section */
		E12833982595AF88009976FB = {
			isa = PBXGroup;
			children = (
				E12833A32595AF88009976FB /* stockdata */,
				E1337C082598E86A0003AF16 /* stockdataTests */,
				E12833A22595AF88009976FB /* Products */,
			);
			sourceTree = "<group>";
		};
		E12833A22595AF88009976FB /* Products */ = {
			isa = PBXGroup;
			children = (
				E12833A12595AF88009976FB /* stockdata.app */,
				E1337C072598E86A0003AF16 /* stockdataTests.xctest */,
			);
			name = Products;
			sourceTree = "<group>";
		};
		E12833A32595AF88009976FB /* stockdata */ = {
			isa = PBXGroup;
			children = (
				E12833A42595AF88009976FB /* AppDelegate.swift */,
				E12833A62595AF88009976FB /* SceneDelegate.swift */,
				E1C9C3C8259623C30074E490 /* Data */,
				E1C9C3BC2595EF9F0074E490 /* Model */,
				E1C9C3A02595CAEA0074E490 /* View */,
				E1C9C39E2595CAE30074E490 /* Controller */,
				E1C9C3A92595D3460074E490 /* Common Extensions */,
				E1C9C3B12595D48E0074E490 /* Helpers */,
				E12833AD2595AF89009976FB /* Assets.xcassets */,
				E12833AF2595AF89009976FB /* LaunchScreen.storyboard */,
				E12833B22595AF89009976FB /* Info.plist */,
			);
			path = stockdata;
			sourceTree = "<group>";
		};
		E1337C082598E86A0003AF16 /* stockdataTests */ = {
			isa = PBXGroup;
			children = (
				E1337C092598E86A0003AF16 /* stockdataTests.swift */,
				E1CE83BE2599037A0091D716 /* IntradayModelTests.swift */,
				E17704FA25999FB300C7F595 /* DailyAdjustedModelTests.swift */,
				E1337C0B2598E86A0003AF16 /* Info.plist */,
			);
			path = stockdataTests;
			sourceTree = "<group>";
		};
		E1809AC3259743F100A5C44E /* PickerView Cell */ = {
			isa = PBXGroup;
			children = (
				E1809AC62597441F00A5C44E /* PickerViewTableViewCell.swift */,
				E1809AC72597441F00A5C44E /* PickerViewTableViewCell.xib */,
			);
			path = "PickerView Cell";
			sourceTree = "<group>";
		};
		E1809AC4259743FE00A5C44E /* Intraday Cell */ = {
			isa = PBXGroup;
			children = (
				E1C9C3A32595CE6E0074E490 /* IntradayTableViewCell.swift */,
				E1C9C3A42595CE6E0074E490 /* IntradayTableViewCell.xib */,
			);
			path = "Intraday Cell";
			sourceTree = "<group>";
		};
		E1C9C39E2595CAE30074E490 /* Controller */ = {
			isa = PBXGroup;
			children = (
				E1C9C39B2595CADC0074E490 /* IntradayViewController.swift */,
				E1C9C3D125963B560074E490 /* DailyAdjustedViewController.swift */,
				E1809ABD259728CD00A5C44E /* ConfigurationViewController.swift */,
				E1809ACB2597617500A5C44E /* EditAPIKeyViewController.swift */,
				E19DA01B2598B02000AF362F /* HomeViewController.swift */,
			);
			path = Controller;
			sourceTree = "<group>";
		};
		E1C9C3A02595CAEA0074E490 /* View */ = {
			isa = PBXGroup;
			children = (
				E1C9C3A22595CE300074E490 /* Custom TableViewCells */,
				E1C9C3D425963F750074E490 /* Custom CollectionViewCells */,
				E12833AA2595AF88009976FB /* Main.storyboard */,
			);
			path = View;
			sourceTree = "<group>";
		};
		E1C9C3A22595CE300074E490 /* Custom TableViewCells */ = {
			isa = PBXGroup;
			children = (
				E1809AC4259743FE00A5C44E /* Intraday Cell */,
				E1809AC3259743F100A5C44E /* PickerView Cell */,
				E1C9C3E325964ED70074E490 /* Comparison Cell */,
			);
			path = "Custom TableViewCells";
			sourceTree = "<group>";
		};
		E1C9C3A92595D3460074E490 /* Common Extensions */ = {
			isa = PBXGroup;
			children = (
				E1C9C3AA2595D36C0074E490 /* View.swift */,
				E1C9C3C5259604C50074E490 /* ViewController.swift */,
				E106DAC32597963A0004317C /* TextField.swift */,
			);
			path = "Common Extensions";
			sourceTree = "<group>";
		};
		E1C9C3B12595D48E0074E490 /* Helpers */ = {
			isa = PBXGroup;
			children = (
				E1C9C3AE2595D48A0074E490 /* Constant.swift */,
				E1C9C3CB259628210074E490 /* Enum.swift */,
				E1C9C3CE25962BE10074E490 /* Alert.swift */,
				E106DAD52597D2310004317C /* KeychainItemAccessibility.swift */,
				E106DAD42597D2310004317C /* KeychainWrapper.swift */,
			);
			path = Helpers;
			sourceTree = "<group>";
		};
		E1C9C3BC2595EF9F0074E490 /* Model */ = {
			isa = PBXGroup;
			children = (
				E1C9C3C02595F1010074E490 /* IntradayModel.swift */,
				E1C9C3E8259666710074E490 /* DailyAdjustedModel.swift */,
				E106DACA2597A65F0004317C /* ConfigurationModel.swift */,
			);
			path = Model;
			sourceTree = "<group>";
		};
		E1C9C3C8259623C30074E490 /* Data */ = {
			isa = PBXGroup;
			children = (
				E1C9C3BD2595EFC10074E490 /* IntradayData.swift */,
				E1C9C3E5259663390074E490 /* DailyAdjustedData.swift */,
			);
			path = Data;
			sourceTree = "<group>";
		};
		E1C9C3D425963F750074E490 /* Custom CollectionViewCells */ = {
			isa = PBXGroup;
			children = (
				E1C9C3D525963FF70074E490 /* SymbolCollectionViewCell.swift */,
				E1C9C3D625963FF70074E490 /* SymbolCollectionViewCell.xib */,
			);
			path = "Custom CollectionViewCells";
			sourceTree = "<group>";
		};
		E1C9C3E325964ED70074E490 /* Comparison Cell */ = {
			isa = PBXGroup;
			children = (
				E1C9C3DB25964A7B0074E490 /* ComparisonTableViewCell.swift */,
				E1C9C3DC25964A7B0074E490 /* ComparisonTableViewCell.xib */,
				E1C9C3E025964E380074E490 /* ComparisonItemTableViewCell.xib */,
			);
			path = "Comparison Cell";
			sourceTree = "<group>";
		};
/* End PBXGroup section */

/* Begin PBXNativeTarget section */
		E12833A02595AF88009976FB /* stockdata */ = {
			isa = PBXNativeTarget;
			buildConfigurationList = E12833B52595AF89009976FB /* Build configuration list for PBXNativeTarget "stockdata" */;
			buildPhases = (
				E128339D2595AF88009976FB /* Sources */,
				E128339E2595AF88009976FB /* Frameworks */,
				E128339F2595AF88009976FB /* Resources */,
			);
			buildRules = (
			);
			dependencies = (
			);
			name = stockdata;
			productName = stockdata;
			productReference = E12833A12595AF88009976FB /* stockdata.app */;
			productType = "com.apple.product-type.application";
		};
		E1337C062598E86A0003AF16 /* stockdataTests */ = {
			isa = PBXNativeTarget;
			buildConfigurationList = E1337C102598E86A0003AF16 /* Build configuration list for PBXNativeTarget "stockdataTests" */;
			buildPhases = (
				E1337C032598E86A0003AF16 /* Sources */,
				E1337C042598E86A0003AF16 /* Frameworks */,
				E1337C052598E86A0003AF16 /* Resources */,
			);
			buildRules = (
			);
			dependencies = (
				E1337C0D2598E86A0003AF16 /* PBXTargetDependency */,
			);
			name = stockdataTests;
			productName = stockdataTests;
			productReference = E1337C072598E86A0003AF16 /* stockdataTests.xctest */;
			productType = "com.apple.product-type.bundle.unit-test";
		};
/* End PBXNativeTarget section */

/* Begin PBXProject section */
		E12833992595AF88009976FB /* Project object */ = {
			isa = PBXProject;
			attributes = {
				LastSwiftUpdateCheck = 1230;
				LastUpgradeCheck = 1230;
				TargetAttributes = {
					E12833A02595AF88009976FB = {
						CreatedOnToolsVersion = 12.3;
					};
					E1337C062598E86A0003AF16 = {
						CreatedOnToolsVersion = 12.3;
						TestTargetID = E12833A02595AF88009976FB;
					};
				};
			};
			buildConfigurationList = E128339C2595AF88009976FB /* Build configuration list for PBXProject "stockdata" */;
			compatibilityVersion = "Xcode 9.3";
			developmentRegion = en;
			hasScannedForEncodings = 0;
			knownRegions = (
				en,
				Base,
			);
			mainGroup = E12833982595AF88009976FB;
			productRefGroup = E12833A22595AF88009976FB /* Products */;
			projectDirPath = "";
			projectRoot = "";
			targets = (
				E12833A02595AF88009976FB /* stockdata */,
				E1337C062598E86A0003AF16 /* stockdataTests */,
			);
		};
/* End PBXProject section */

/* Begin PBXResourcesBuildPhase section */
		E128339F2595AF88009976FB /* Resources */ = {
			isa = PBXResourcesBuildPhase;
			buildActionMask = 2147483647;
			files = (
				E1809AC92597441F00A5C44E /* PickerViewTableViewCell.xib in Resources */,
				E12833B12595AF89009976FB /* LaunchScreen.storyboard in Resources */,
				E1C9C3E125964E380074E490 /* ComparisonItemTableViewCell.xib in Resources */,
				E1C9C3A62595CE6E0074E490 /* IntradayTableViewCell.xib in Resources */,
				E1C9C3DE25964A7B0074E490 /* ComparisonTableViewCell.xib in Resources */,
				E12833AE2595AF89009976FB /* Assets.xcassets in Resources */,
				E1C9C3D825963FF70074E490 /* SymbolCollectionViewCell.xib in Resources */,
				E12833AC2595AF88009976FB /* Main.storyboard in Resources */,
			);
			runOnlyForDeploymentPostprocessing = 0;
		};
		E1337C052598E86A0003AF16 /* Resources */ = {
			isa = PBXResourcesBuildPhase;
			buildActionMask = 2147483647;
			files = (
			);
			runOnlyForDeploymentPostprocessing = 0;
		};
/* End PBXResourcesBuildPhase section */

/* Begin PBXSourcesBuildPhase section */
		E128339D2595AF88009976FB /* Sources */ = {
			isa = PBXSourcesBuildPhase;
			buildActionMask = 2147483647;
			files = (
				E1C9C39C2595CADC0074E490 /* IntradayViewController.swift in Sources */,
				E1C9C3A52595CE6E0074E490 /* IntradayTableViewCell.swift in Sources */,
				E1C9C3D725963FF70074E490 /* SymbolCollectionViewCell.swift in Sources */,
				E106DAD62597D2310004317C /* KeychainWrapper.swift in Sources */,
				E106DAC42597963A0004317C /* TextField.swift in Sources */,
				E1C9C3AB2595D36C0074E490 /* View.swift in Sources */,
				E1C9C3DD25964A7B0074E490 /* ComparisonTableViewCell.swift in Sources */,
				E1C9C3C6259604C50074E490 /* ViewController.swift in Sources */,
				E1809AC82597441F00A5C44E /* PickerViewTableViewCell.swift in Sources */,
				E1C9C3C12595F1010074E490 /* IntradayModel.swift in Sources */,
				E12833A52595AF88009976FB /* AppDelegate.swift in Sources */,
				E19DA01C2598B02000AF362F /* HomeViewController.swift in Sources */,
				E106DAD72597D2310004317C /* KeychainItemAccessibility.swift in Sources */,
				E1C9C3E9259666710074E490 /* DailyAdjustedModel.swift in Sources */,
				E106DACB2597A65F0004317C /* ConfigurationModel.swift in Sources */,
				E1809ABE259728CD00A5C44E /* ConfigurationViewController.swift in Sources */,
				E1809ACC2597617500A5C44E /* EditAPIKeyViewController.swift in Sources */,
				E1C9C3D225963B560074E490 /* DailyAdjustedViewController.swift in Sources */,
				E1C9C3BE2595EFC10074E490 /* IntradayData.swift in Sources */,
				E12833A72595AF88009976FB /* SceneDelegate.swift in Sources */,
				E1C9C3CF25962BE10074E490 /* Alert.swift in Sources */,
				E1C9C3E6259663390074E490 /* DailyAdjustedData.swift in Sources */,
				E1C9C3CC259628210074E490 /* Enum.swift in Sources */,
				E1C9C3AF2595D48A0074E490 /* Constant.swift in Sources */,
			);
			runOnlyForDeploymentPostprocessing = 0;
		};
		E1337C032598E86A0003AF16 /* Sources */ = {
			isa = PBXSourcesBuildPhase;
			buildActionMask = 2147483647;
			files = (
				E1337C0A2598E86A0003AF16 /* stockdataTests.swift in Sources */,
				E17704FB25999FB300C7F595 /* DailyAdjustedModelTests.swift in Sources */,
				E1CE83BF2599037A0091D716 /* IntradayModelTests.swift in Sources */,
			);
			runOnlyForDeploymentPostprocessing = 0;
		};
/* End PBXSourcesBuildPhase section */

/* Begin PBXTargetDependency section */
		E1337C0D2598E86A0003AF16 /* PBXTargetDependency */ = {
			isa = PBXTargetDependency;
			target = E12833A02595AF88009976FB /* stockdata */;
			targetProxy = E1337C0C2598E86A0003AF16 /* PBXContainerItemProxy */;
		};
/* End PBXTargetDependency section */

/* Begin PBXVariantGroup section */
		E12833AA2595AF88009976FB /* Main.storyboard */ = {
			isa = PBXVariantGroup;
			children = (
				E12833AB2595AF88009976FB /* Base */,
			);
			name = Main.storyboard;
			sourceTree = "<group>";
		};
		E12833AF2595AF89009976FB /* LaunchScreen.storyboard */ = {
			isa = PBXVariantGroup;
			children = (
				E12833B02595AF89009976FB /* Base */,
			);
			name = LaunchScreen.storyboard;
			sourceTree = "<group>";
		};
/* End PBXVariantGroup section */

/* Begin XCBuildConfiguration section */
		E12833B32595AF89009976FB /* Debug */ = {
			isa = XCBuildConfiguration;
			buildSettings = {
				ALWAYS_SEARCH_USER_PATHS = NO;
				CLANG_ANALYZER_NONNULL = YES;
				CLANG_ANALYZER_NUMBER_OBJECT_CONVERSION = YES_AGGRESSIVE;
				CLANG_CXX_LANGUAGE_STANDARD = "gnu++14";
				CLANG_CXX_LIBRARY = "libc++";
				CLANG_ENABLE_MODULES = YES;
				CLANG_ENABLE_OBJC_ARC = YES;
				CLANG_ENABLE_OBJC_WEAK = YES;
				CLANG_WARN_BLOCK_CAPTURE_AUTORELEASING = YES;
				CLANG_WARN_BOOL_CONVERSION = YES;
				CLANG_WARN_COMMA = YES;
				CLANG_WARN_CONSTANT_CONVERSION = YES;
				CLANG_WARN_DEPRECATED_OBJC_IMPLEMENTATIONS = YES;
				CLANG_WARN_DIRECT_OBJC_ISA_USAGE = YES_ERROR;
				CLANG_WARN_DOCUMENTATION_COMMENTS = YES;
				CLANG_WARN_EMPTY_BODY = YES;
				CLANG_WARN_ENUM_CONVERSION = YES;
				CLANG_WARN_INFINITE_RECURSION = YES;
				CLANG_WARN_INT_CONVERSION = YES;
				CLANG_WARN_NON_LITERAL_NULL_CONVERSION = YES;
				CLANG_WARN_OBJC_IMPLICIT_RETAIN_SELF = YES;
				CLANG_WARN_OBJC_LITERAL_CONVERSION = YES;
				CLANG_WARN_OBJC_ROOT_CLASS = YES_ERROR;
				CLANG_WARN_QUOTED_INCLUDE_IN_FRAMEWORK_HEADER = YES;
				CLANG_WARN_RANGE_LOOP_ANALYSIS = YES;
				CLANG_WARN_STRICT_PROTOTYPES = YES;
				CLANG_WARN_SUSPICIOUS_MOVE = YES;
				CLANG_WARN_UNGUARDED_AVAILABILITY = YES_AGGRESSIVE;
				CLANG_WARN_UNREACHABLE_CODE = YES;
				CLANG_WARN__DUPLICATE_METHOD_MATCH = YES;
				COPY_PHASE_STRIP = NO;
				DEBUG_INFORMATION_FORMAT = dwarf;
				ENABLE_STRICT_OBJC_MSGSEND = YES;
				ENABLE_TESTABILITY = YES;
				GCC_C_LANGUAGE_STANDARD = gnu11;
				GCC_DYNAMIC_NO_PIC = NO;
				GCC_NO_COMMON_BLOCKS = YES;
				GCC_OPTIMIZATION_LEVEL = 0;
				GCC_PREPROCESSOR_DEFINITIONS = (
					"DEBUG=1",
					"$(inherited)",
				);
				GCC_WARN_64_TO_32_BIT_CONVERSION = YES;
				GCC_WARN_ABOUT_RETURN_TYPE = YES_ERROR;
				GCC_WARN_UNDECLARED_SELECTOR = YES;
				GCC_WARN_UNINITIALIZED_AUTOS = YES_AGGRESSIVE;
				GCC_WARN_UNUSED_FUNCTION = YES;
				GCC_WARN_UNUSED_VARIABLE = YES;
				IPHONEOS_DEPLOYMENT_TARGET = 13.0;
				MTL_ENABLE_DEBUG_INFO = INCLUDE_SOURCE;
				MTL_FAST_MATH = YES;
				ONLY_ACTIVE_ARCH = YES;
				SDKROOT = iphoneos;
				SWIFT_ACTIVE_COMPILATION_CONDITIONS = DEBUG;
				SWIFT_OPTIMIZATION_LEVEL = "-Onone";
			};
			name = Debug;
		};
		E12833B42595AF89009976FB /* Release */ = {
			isa = XCBuildConfiguration;
			buildSettings = {
				ALWAYS_SEARCH_USER_PATHS = NO;
				CLANG_ANALYZER_NONNULL = YES;
				CLANG_ANALYZER_NUMBER_OBJECT_CONVERSION = YES_AGGRESSIVE;
				CLANG_CXX_LANGUAGE_STANDARD = "gnu++14";
				CLANG_CXX_LIBRARY = "libc++";
				CLANG_ENABLE_MODULES = YES;
				CLANG_ENABLE_OBJC_ARC = YES;
				CLANG_ENABLE_OBJC_WEAK = YES;
				CLANG_WARN_BLOCK_CAPTURE_AUTORELEASING = YES;
				CLANG_WARN_BOOL_CONVERSION = YES;
				CLANG_WARN_COMMA = YES;
				CLANG_WARN_CONSTANT_CONVERSION = YES;
				CLANG_WARN_DEPRECATED_OBJC_IMPLEMENTATIONS = YES;
				CLANG_WARN_DIRECT_OBJC_ISA_USAGE = YES_ERROR;
				CLANG_WARN_DOCUMENTATION_COMMENTS = YES;
				CLANG_WARN_EMPTY_BODY = YES;
				CLANG_WARN_ENUM_CONVERSION = YES;
				CLANG_WARN_INFINITE_RECURSION = YES;
				CLANG_WARN_INT_CONVERSION = YES;
				CLANG_WARN_NON_LITERAL_NULL_CONVERSION = YES;
				CLANG_WARN_OBJC_IMPLICIT_RETAIN_SELF = YES;
				CLANG_WARN_OBJC_LITERAL_CONVERSION = YES;
				CLANG_WARN_OBJC_ROOT_CLASS = YES_ERROR;
				CLANG_WARN_QUOTED_INCLUDE_IN_FRAMEWORK_HEADER = YES;
				CLANG_WARN_RANGE_LOOP_ANALYSIS = YES;
				CLANG_WARN_STRICT_PROTOTYPES = YES;
				CLANG_WARN_SUSPICIOUS_MOVE = YES;
				CLANG_WARN_UNGUARDED_AVAILABILITY = YES_AGGRESSIVE;
				CLANG_WARN_UNREACHABLE_CODE = YES;
				CLANG_WARN__DUPLICATE_METHOD_MATCH = YES;
				COPY_PHASE_STRIP = NO;
				DEBUG_INFORMATION_FORMAT = "dwarf-with-dsym";
				ENABLE_NS_ASSERTIONS = NO;
				ENABLE_STRICT_OBJC_MSGSEND = YES;
				GCC_C_LANGUAGE_STANDARD = gnu11;
				GCC_NO_COMMON_BLOCKS = YES;
				GCC_WARN_64_TO_32_BIT_CONVERSION = YES;
				GCC_WARN_ABOUT_RETURN_TYPE = YES_ERROR;
				GCC_WARN_UNDECLARED_SELECTOR = YES;
				GCC_WARN_UNINITIALIZED_AUTOS = YES_AGGRESSIVE;
				GCC_WARN_UNUSED_FUNCTION = YES;
				GCC_WARN_UNUSED_VARIABLE = YES;
				IPHONEOS_DEPLOYMENT_TARGET = 13.0;
				MTL_ENABLE_DEBUG_INFO = NO;
				MTL_FAST_MATH = YES;
				SDKROOT = iphoneos;
				SWIFT_COMPILATION_MODE = wholemodule;
				SWIFT_OPTIMIZATION_LEVEL = "-O";
				VALIDATE_PRODUCT = YES;
			};
			name = Release;
		};
		E12833B62595AF89009976FB /* Debug */ = {
			isa = XCBuildConfiguration;
			buildSettings = {
				ASSETCATALOG_COMPILER_APPICON_NAME = AppIcon;
				ASSETCATALOG_COMPILER_GLOBAL_ACCENT_COLOR_NAME = AccentColor;
				CODE_SIGN_STYLE = Automatic;
				DEVELOPMENT_TEAM = GBBFD52US3;
				INFOPLIST_FILE = stockdata/Info.plist;
				LD_RUNPATH_SEARCH_PATHS = (
					"$(inherited)",
					"@executable_path/Frameworks",
				);
				PRODUCT_BUNDLE_IDENTIFIER = com.alvinmatthew.stockdata;
				PRODUCT_NAME = "$(TARGET_NAME)";
				SWIFT_VERSION = 5.0;
				TARGETED_DEVICE_FAMILY = "1,2";
			};
			name = Debug;
		};
		E12833B72595AF89009976FB /* Release */ = {
			isa = XCBuildConfiguration;
			buildSettings = {
				ASSETCATALOG_COMPILER_APPICON_NAME = AppIcon;
				ASSETCATALOG_COMPILER_GLOBAL_ACCENT_COLOR_NAME = AccentColor;
				CODE_SIGN_STYLE = Automatic;
				DEVELOPMENT_TEAM = GBBFD52US3;
				INFOPLIST_FILE = stockdata/Info.plist;
				LD_RUNPATH_SEARCH_PATHS = (
					"$(inherited)",
					"@executable_path/Frameworks",
				);
				PRODUCT_BUNDLE_IDENTIFIER = com.alvinmatthew.stockdata;
				PRODUCT_NAME = "$(TARGET_NAME)";
				SWIFT_VERSION = 5.0;
				TARGETED_DEVICE_FAMILY = "1,2";
			};
			name = Release;
		};
		E1337C0E2598E86A0003AF16 /* Debug */ = {
			isa = XCBuildConfiguration;
			buildSettings = {
				BUNDLE_LOADER = "$(TEST_HOST)";
				CODE_SIGN_STYLE = Automatic;
				DEVELOPMENT_TEAM = GBBFD52US3;
				INFOPLIST_FILE = stockdataTests/Info.plist;
				IPHONEOS_DEPLOYMENT_TARGET = 14.3;
				LD_RUNPATH_SEARCH_PATHS = (
					"$(inherited)",
					"@executable_path/Frameworks",
					"@loader_path/Frameworks",
				);
				PRODUCT_BUNDLE_IDENTIFIER = com.alvinmatthew.stockdataTests;
				PRODUCT_NAME = "$(TARGET_NAME)";
				SWIFT_VERSION = 5.0;
				TARGETED_DEVICE_FAMILY = "1,2";
				TEST_HOST = "$(BUILT_PRODUCTS_DIR)/stockdata.app/stockdata";
			};
			name = Debug;
		};
		E1337C0F2598E86A0003AF16 /* Release */ = {
			isa = XCBuildConfiguration;
			buildSettings = {
				BUNDLE_LOADER = "$(TEST_HOST)";
				CODE_SIGN_STYLE = Automatic;
				DEVELOPMENT_TEAM = GBBFD52US3;
				INFOPLIST_FILE = stockdataTests/Info.plist;
				IPHONEOS_DEPLOYMENT_TARGET = 14.3;
				LD_RUNPATH_SEARCH_PATHS = (
					"$(inherited)",
					"@executable_path/Frameworks",
					"@loader_path/Frameworks",
				);
				PRODUCT_BUNDLE_IDENTIFIER = com.alvinmatthew.stockdataTests;
				PRODUCT_NAME = "$(TARGET_NAME)";
				SWIFT_VERSION = 5.0;
				TARGETED_DEVICE_FAMILY = "1,2";
				TEST_HOST = "$(BUILT_PRODUCTS_DIR)/stockdata.app/stockdata";
			};
			name = Release;
		};
/* End XCBuildConfiguration section */

/* Begin XCConfigurationList section */
		E128339C2595AF88009976FB /* Build configuration list for PBXProject "stockdata" */ = {
			isa = XCConfigurationList;
			buildConfigurations = (
				E12833B32595AF89009976FB /* Debug */,
				E12833B42595AF89009976FB /* Release */,
			);
			defaultConfigurationIsVisible = 0;
			defaultConfigurationName = Release;
		};
		E12833B52595AF89009976FB /* Build configuration list for PBXNativeTarget "stockdata" */ = {
			isa = XCConfigurationList;
			buildConfigurations = (
				E12833B62595AF89009976FB /* Debug */,
				E12833B72595AF89009976FB /* Release */,
			);
			defaultConfigurationIsVisible = 0;
			defaultConfigurationName = Release;
		};
		E1337C102598E86A0003AF16 /* Build configuration list for PBXNativeTarget "stockdataTests" */ = {
			isa = XCConfigurationList;
			buildConfigurations = (
				E1337C0E2598E86A0003AF16 /* Debug */,
				E1337C0F2598E86A0003AF16 /* Release */,
			);
			defaultConfigurationIsVisible = 0;
			defaultConfigurationName = Release;
		};
/* End XCConfigurationList section */
	};
	rootObject = E12833992595AF88009976FB /* Project object */;
}
